
Microsoft Visual Studio Solution File, Format Version 12.00
# Visual Studio Version 17
VisualStudioVersion = 17.8.34330.188
MinimumVisualStudioVersion = 10.0.40219.1
Project("{FAE04EC0-301F-11D3-BF4B-00C04F79EFBC}") = "concord", "concord.csproj", "{919C0918-D112-4A14-9AFF-A86886BF017B}"
EndProject
Global
	GlobalSection(SolutionConfigurationPlatforms) = preSolution
		Debug|Any CPU = Debug|Any CPU
		Release|Any CPU = Release|Any CPU
	EndGlobalSection
	GlobalSection(ProjectConfigurationPlatforms) = postSolution
		{919C0918-D112-4A14-9AFF-A86886BF017B}.Debug|Any CPU.ActiveCfg = Debug|Any CPU
		{919C0918-D112-4A14-9AFF-A86886BF017B}.Debug|Any CPU.Build.0 = Debug|Any CPU
		{919C0918-D112-4A14-9AFF-A86886BF017B}.Release|Any CPU.ActiveCfg = Release|Any CPU
		{919C0918-D112-4A14-9AFF-A86886BF017B}.Release|Any CPU.Build.0 = Release|Any CPU
	EndGlobalSection
	GlobalSection(SolutionProperties) = preSolution
		HideSolutionNode = FALSE
	EndGlobalSection
	GlobalSection(ExtensibilityGlobals) = postSolution
		SolutionGuid = {1F79DB74-5EA2-4284-809F-2CC0451B4A46}
	EndGlobalSection
EndGlobal
